# THIS IS AN AUTOGENERATED FILE. DO NOT EDIT THIS FILE DIRECTLY.
# yarn lockfile v1


async-validator@^1.6.6:
  version "1.6.8"
  resolved "https://registry.yarnpkg.com/async-validator/-/async-validator-1.6.8.tgz#fbaaa9002b41066fdf3ba21d8a4ca8b1179ad36b"

babel-helper-vue-jsx-merge-props@^2.0.0, babel-helper-vue-jsx-merge-props@^2.0.2:
  version "2.0.2"
  resolved "https://registry.yarnpkg.com/babel-helper-vue-jsx-merge-props/-/babel-helper-vue-jsx-merge-props-2.0.2.tgz#aceb1c373588279e2755ea1cfd35c22394fd33f8"

babel-plugin-syntax-jsx@^6.18.0:
  version "6.18.0"
  resolved "https://registry.yarnpkg.com/babel-plugin-syntax-jsx/-/babel-plugin-syntax-jsx-6.18.0.tgz#0af32a9a6e13ca7a3fd5069e62d7b0f58d0d8946"

babel-plugin-transform-vue-jsx@^3.3.0:
  version "3.3.0"
  resolved "https://registry.yarnpkg.com/babel-plugin-transform-vue-jsx/-/babel-plugin-transform-vue-jsx-3.3.0.tgz#d6163f93f129e9fac3768813470f5eed9fd26f7e"
  dependencies:
    esutils "^2.0.2"

camel-case@~3.0.0:
  version "3.0.0"
  resolved "https://registry.yarnpkg.com/camel-case/-/camel-case-3.0.0.tgz#ca3c3688a4e9cf3a4cda777dc4dcbc713249cf73"
  dependencies:
    no-case "^2.2.0"
    upper-case "^1.1.1"

deepmerge@^1.2.0:
  version "1.3.1"
  resolved "https://registry.yarnpkg.com/deepmerge/-/deepmerge-1.3.1.tgz#682ba92402574115b865edce525665814296a39b"

deprecate@~1.0.0:
  version "1.0.0"
  resolved "https://registry.yarnpkg.com/deprecate/-/deprecate-1.0.0.tgz#661490ed2428916a6c8883d8834e5646f4e4a4a8"

docker-machine@^2.0.0:
  version "2.0.0"
  resolved "https://registry.yarnpkg.com/docker-machine/-/docker-machine-2.0.0.tgz#220bc28c28caf0dc121657089ce793e957b562e8"
  dependencies:
    camel-case "~3.0.0"
    deprecate "~1.0.0"
    run-parallel-limit "~1.0.3"
    xtend "~4.0.1"

element-ui@^1.1.3:
  version "1.1.3"
  resolved "https://registry.yarnpkg.com/element-ui/-/element-ui-1.1.3.tgz#628d5a826dcc3c4666cf478d03352cd07ad91603"
  dependencies:
    async-validator "^1.6.6"
    babel-helper-vue-jsx-merge-props "^2.0.0"
    deepmerge "^1.2.0"
    throttle-debounce "^1.0.1"

esutils@^2.0.2:
  version "2.0.2"
  resolved "https://registry.yarnpkg.com/esutils/-/esutils-2.0.2.tgz#0abf4f1caa5bcb1f7a9d8acc6dea4faaa04bac9b"

lower-case@^1.1.1:
  version "1.1.3"
  resolved "https://registry.yarnpkg.com/lower-case/-/lower-case-1.1.3.tgz#c92393d976793eee5ba4edb583cf8eae35bd9bfb"

no-case@^2.2.0:
  version "2.3.1"
  resolved "https://registry.yarnpkg.com/no-case/-/no-case-2.3.1.tgz#7aeba1c73a52184265554b7dc03baf720df80081"
  dependencies:
    lower-case "^1.1.1"

run-parallel-limit@~1.0.3:
  version "1.0.3"
  resolved "https://registry.yarnpkg.com/run-parallel-limit/-/run-parallel-limit-1.0.3.tgz#6c3930cc7c0b47d35ae7420109f660aade2401e3"

throttle-debounce@^1.0.1:
  version "1.0.1"
  resolved "https://registry.yarnpkg.com/throttle-debounce/-/throttle-debounce-1.0.1.tgz#dad0fe130f9daf3719fdea33dc36a8e6ba7f30b5"

upper-case@^1.1.1:
  version "1.1.3"
  resolved "https://registry.yarnpkg.com/upper-case/-/upper-case-1.1.3.tgz#f6b4501c2ec4cdd26ba78be7222961de77621598"

vue-electron@^1.0.0:
  version "1.0.6"
  resolved "https://registry.yarnpkg.com/vue-electron/-/vue-electron-1.0.6.tgz#e798e03180b8933539defe31f92e53b9242b9406"

vue-resource@^1.0.3:
  version "1.0.3"
  resolved "https://registry.yarnpkg.com/vue-resource/-/vue-resource-1.0.3.tgz#8d52d0d8a9ed5f2ae704c68d530c84ceaf97be14"

vue-router@^2.0.0:
  version "2.1.1"
  resolved "https://registry.yarnpkg.com/vue-router/-/vue-router-2.1.1.tgz#10c31bbdcb6da92bd3e0223fa12345e73018625a"

vue@^2.0.1:
  version "2.1.8"
  resolved "https://registry.yarnpkg.com/vue/-/vue-2.1.8.tgz#ae30aa86024fccf5535292ce414e7b4c221a1756"

vuex@^2.0.0:
  version "2.1.1"
  resolved "https://registry.yarnpkg.com/vuex/-/vuex-2.1.1.tgz#78463ee45fae4871c5d05177b4e8cedd9e2cbccc"

xtend@~4.0.1:
  version "4.0.1"
  resolved "https://registry.yarnpkg.com/xtend/-/xtend-4.0.1.tgz#a5c6d532be656e23db820efb943a1f04998d63af"
